
Microsoft Visual Studio Solution File, Format Version 12.00
# Visual Studio 2013
VisualStudioVersion = 12.0.21005.1
MinimumVisualStudioVersion = 10.0.40219.1
Project("{F184B08F-C81C-45F6-A57F-5ABD9991F28F}") = "COMP2068-VSWebEssentials", "COMP2068-VSWebEssentials\COMP2068-VSWebEssentials.vbproj", "{E07D7484-6582-4323-BBDD-92F61426BF97}"
EndProject
Global
	GlobalSection(SolutionConfigurationPlatforms) = preSolution
		Debug|Any CPU = Debug|Any CPU
		Release|Any CPU = Release|Any CPU
	EndGlobalSection
	GlobalSection(ProjectConfigurationPlatforms) = postSolution
		{E07D7484-6582-4323-BBDD-92F61426BF97}.Debug|Any CPU.ActiveCfg = Debug|Any CPU
		{E07D7484-6582-4323-BBDD-92F61426BF97}.Debug|Any CPU.Build.0 = Debug|Any CPU
		{E07D7484-6582-4323-BBDD-92F61426BF97}.Release|Any CPU.ActiveCfg = Release|Any CPU
		{E07D7484-6582-4323-BBDD-92F61426BF97}.Release|Any CPU.Build.0 = Release|Any CPU
	EndGlobalSection
	GlobalSection(SolutionProperties) = preSolution
		HideSolutionNode = FALSE
	EndGlobalSection
EndGlobal
